
Microsoft Visual Studio Solution File, Format Version 11.00
# Visual Studio 2010
Project("{FAE04EC0-301F-11D3-BF4B-00C04F79EFBC}") = "Assembly-CSharp", "Assembly-CSharp.csproj", "{12e3fa4c-0f53-24e3-3178-612b7eef6972}"
EndProject
Project("{FAE04EC0-301F-11D3-BF4B-00C04F79EFBC}") = "Assembly-CSharp-Editor", "Assembly-CSharp-Editor.csproj", "{e25bf6bc-5384-754d-a181-ab505750f441}"
EndProject
Global
	GlobalSection(SolutionConfigurationPlatforms) = preSolution
		Debug|Any CPU = Debug|Any CPU
	EndGlobalSection
	GlobalSection(ProjectConfigurationPlatforms) = postSolution
		{12e3fa4c-0f53-24e3-3178-612b7eef6972}.Debug|Any CPU.ActiveCfg = Debug|Any CPU
		{12e3fa4c-0f53-24e3-3178-612b7eef6972}.Debug|Any CPU.Build.0 = Debug|Any CPU
		{e25bf6bc-5384-754d-a181-ab505750f441}.Debug|Any CPU.ActiveCfg = Debug|Any CPU
		{e25bf6bc-5384-754d-a181-ab505750f441}.Debug|Any CPU.Build.0 = Debug|Any CPU
	EndGlobalSection
	GlobalSection(SolutionProperties) = preSolution
		HideSolutionNode = FALSE
	EndGlobalSection
EndGlobal
