
Microsoft Visual Studio Solution File, Format Version 12.00
# Visual Studio 15
Project("{FAE04EC0-301F-11D3-BF4B-00C04F79EFBC}") = "Assembly-CSharp", "Assembly-CSharp.csproj", "{6FF42444-41E6-4F02-D481-828DD65BC1D0}"
EndProject
Project("{FAE04EC0-301F-11D3-BF4B-00C04F79EFBC}") = "PhotonUnityNetworking.Demos", "PhotonUnityNetworking.Demos.csproj", "{D28DDCAB-4E57-AD30-8BB4-172026C3BAD1}"
EndProject
Project("{FAE04EC0-301F-11D3-BF4B-00C04F79EFBC}") = "PhotonUnityNetworking.Utilities", "PhotonUnityNetworking.Utilities.csproj", "{AD3DD2D0-F45A-4A11-5A12-129566186CC9}"
EndProject
Project("{FAE04EC0-301F-11D3-BF4B-00C04F79EFBC}") = "BitpackersASMDEF", "BitpackersASMDEF.csproj", "{4B107AC7-06E6-2167-89B0-93C92A98CD97}"
EndProject
Project("{FAE04EC0-301F-11D3-BF4B-00C04F79EFBC}") = "PhotonUnityNetworking", "PhotonUnityNetworking.csproj", "{DB1F6056-1356-E48C-90A8-54BDB4114B40}"
EndProject
Project("{FAE04EC0-301F-11D3-BF4B-00C04F79EFBC}") = "PhotonRealtime", "PhotonRealtime.csproj", "{1C6728BD-AA41-14DE-1450-32307B3DA8A9}"
EndProject
Project("{FAE04EC0-301F-11D3-BF4B-00C04F79EFBC}") = "PhotonChat", "PhotonChat.csproj", "{FA78C0FC-8C1B-CDB6-945F-121DE03B42E6}"
EndProject
Project("{FAE04EC0-301F-11D3-BF4B-00C04F79EFBC}") = "EmoCompressUtilsASMDEF", "EmoCompressUtilsASMDEF.csproj", "{EFE9C36F-745A-4CA8-8DA2-2CC892ACAEA5}"
EndProject
Project("{FAE04EC0-301F-11D3-BF4B-00C04F79EFBC}") = "HalfFloatASMDEF", "HalfFloatASMDEF.csproj", "{ACBE8ECA-623B-5E46-FE02-F061B296A140}"
EndProject
Project("{FAE04EC0-301F-11D3-BF4B-00C04F79EFBC}") = "PhotonUnityNetworking.Editor", "PhotonUnityNetworking.Editor.csproj", "{75DAA265-6BB7-40BB-5096-616171A045F8}"
EndProject
Project("{FAE04EC0-301F-11D3-BF4B-00C04F79EFBC}") = "PunDemos.DemoSlotcarEditor", "PunDemos.DemoSlotcarEditor.csproj", "{25D71DD0-C226-19F7-52C3-0221D8312523}"
EndProject
Project("{FAE04EC0-301F-11D3-BF4B-00C04F79EFBC}") = "PhotonUnityNetworking.Utilities.Culling.Editor", "PhotonUnityNetworking.Utilities.Culling.Editor.csproj", "{8ADA909E-0F12-B921-6947-25E57D5AD60D}"
EndProject
Project("{FAE04EC0-301F-11D3-BF4B-00C04F79EFBC}") = "PunDemos.DemoHubEditor", "PunDemos.DemoHubEditor.csproj", "{B6BA122B-68C0-27D9-8AC5-42E52751594B}"
EndProject
Project("{FAE04EC0-301F-11D3-BF4B-00C04F79EFBC}") = "Assembly-CSharp-Editor", "Assembly-CSharp-Editor.csproj", "{DAF7AC27-BFBF-A7CB-DE8C-243461466CF3}"
EndProject
Project("{FAE04EC0-301F-11D3-BF4B-00C04F79EFBC}") = "PhotonUnityNetworking.Utilities.PhotonPlayer.Editor", "PhotonUnityNetworking.Utilities.PhotonPlayer.Editor.csproj", "{E61CD5BB-B3DE-38D5-2199-E49A10AD11A1}"
EndProject
Global
	GlobalSection(SolutionConfigurationPlatforms) = preSolution
		Debug|Any CPU = Debug|Any CPU
		Release|Any CPU = Release|Any CPU
	EndGlobalSection
	GlobalSection(ProjectConfigurationPlatforms) = postSolution
		{6FF42444-41E6-4F02-D481-828DD65BC1D0}.Debug|Any CPU.ActiveCfg = Debug|Any CPU
		{6FF42444-41E6-4F02-D481-828DD65BC1D0}.Debug|Any CPU.Build.0 = Debug|Any CPU
		{6FF42444-41E6-4F02-D481-828DD65BC1D0}.Release|Any CPU.ActiveCfg = Release|Any CPU
		{6FF42444-41E6-4F02-D481-828DD65BC1D0}.Release|Any CPU.Build.0 = Release|Any CPU
		{D28DDCAB-4E57-AD30-8BB4-172026C3BAD1}.Debug|Any CPU.ActiveCfg = Debug|Any CPU
		{D28DDCAB-4E57-AD30-8BB4-172026C3BAD1}.Debug|Any CPU.Build.0 = Debug|Any CPU
		{D28DDCAB-4E57-AD30-8BB4-172026C3BAD1}.Release|Any CPU.ActiveCfg = Release|Any CPU
		{D28DDCAB-4E57-AD30-8BB4-172026C3BAD1}.Release|Any CPU.Build.0 = Release|Any CPU
		{AD3DD2D0-F45A-4A11-5A12-129566186CC9}.Debug|Any CPU.ActiveCfg = Debug|Any CPU
		{AD3DD2D0-F45A-4A11-5A12-129566186CC9}.Debug|Any CPU.Build.0 = Debug|Any CPU
		{AD3DD2D0-F45A-4A11-5A12-129566186CC9}.Release|Any CPU.ActiveCfg = Release|Any CPU
		{AD3DD2D0-F45A-4A11-5A12-129566186CC9}.Release|Any CPU.Build.0 = Release|Any CPU
		{4B107AC7-06E6-2167-89B0-93C92A98CD97}.Debug|Any CPU.ActiveCfg = Debug|Any CPU
		{4B107AC7-06E6-2167-89B0-93C92A98CD97}.Debug|Any CPU.Build.0 = Debug|Any CPU
		{4B107AC7-06E6-2167-89B0-93C92A98CD97}.Release|Any CPU.ActiveCfg = Release|Any CPU
		{4B107AC7-06E6-2167-89B0-93C92A98CD97}.Release|Any CPU.Build.0 = Release|Any CPU
		{DB1F6056-1356-E48C-90A8-54BDB4114B40}.Debug|Any CPU.ActiveCfg = Debug|Any CPU
		{DB1F6056-1356-E48C-90A8-54BDB4114B40}.Debug|Any CPU.Build.0 = Debug|Any CPU
		{DB1F6056-1356-E48C-90A8-54BDB4114B40}.Release|Any CPU.ActiveCfg = Release|Any CPU
		{DB1F6056-1356-E48C-90A8-54BDB4114B40}.Release|Any CPU.Build.0 = Release|Any CPU
		{1C6728BD-AA41-14DE-1450-32307B3DA8A9}.Debug|Any CPU.ActiveCfg = Debug|Any CPU
		{1C6728BD-AA41-14DE-1450-32307B3DA8A9}.Debug|Any CPU.Build.0 = Debug|Any CPU
		{1C6728BD-AA41-14DE-1450-32307B3DA8A9}.Release|Any CPU.ActiveCfg = Release|Any CPU
		{1C6728BD-AA41-14DE-1450-32307B3DA8A9}.Release|Any CPU.Build.0 = Release|Any CPU
		{FA78C0FC-8C1B-CDB6-945F-121DE03B42E6}.Debug|Any CPU.ActiveCfg = Debug|Any CPU
		{FA78C0FC-8C1B-CDB6-945F-121DE03B42E6}.Debug|Any CPU.Build.0 = Debug|Any CPU
		{FA78C0FC-8C1B-CDB6-945F-121DE03B42E6}.Release|Any CPU.ActiveCfg = Release|Any CPU
		{FA78C0FC-8C1B-CDB6-945F-121DE03B42E6}.Release|Any CPU.Build.0 = Release|Any CPU
		{EFE9C36F-745A-4CA8-8DA2-2CC892ACAEA5}.Debug|Any CPU.ActiveCfg = Debug|Any CPU
		{EFE9C36F-745A-4CA8-8DA2-2CC892ACAEA5}.Debug|Any CPU.Build.0 = Debug|Any CPU
		{EFE9C36F-745A-4CA8-8DA2-2CC892ACAEA5}.Release|Any CPU.ActiveCfg = Release|Any CPU
		{EFE9C36F-745A-4CA8-8DA2-2CC892ACAEA5}.Release|Any CPU.Build.0 = Release|Any CPU
		{ACBE8ECA-623B-5E46-FE02-F061B296A140}.Debug|Any CPU.ActiveCfg = Debug|Any CPU
		{ACBE8ECA-623B-5E46-FE02-F061B296A140}.Debug|Any CPU.Build.0 = Debug|Any CPU
		{ACBE8ECA-623B-5E46-FE02-F061B296A140}.Release|Any CPU.ActiveCfg = Release|Any CPU
		{ACBE8ECA-623B-5E46-FE02-F061B296A140}.Release|Any CPU.Build.0 = Release|Any CPU
		{75DAA265-6BB7-40BB-5096-616171A045F8}.Debug|Any CPU.ActiveCfg = Debug|Any CPU
		{75DAA265-6BB7-40BB-5096-616171A045F8}.Debug|Any CPU.Build.0 = Debug|Any CPU
		{75DAA265-6BB7-40BB-5096-616171A045F8}.Release|Any CPU.ActiveCfg = Release|Any CPU
		{75DAA265-6BB7-40BB-5096-616171A045F8}.Release|Any CPU.Build.0 = Release|Any CPU
		{25D71DD0-C226-19F7-52C3-0221D8312523}.Debug|Any CPU.ActiveCfg = Debug|Any CPU
		{25D71DD0-C226-19F7-52C3-0221D8312523}.Debug|Any CPU.Build.0 = Debug|Any CPU
		{25D71DD0-C226-19F7-52C3-0221D8312523}.Release|Any CPU.ActiveCfg = Release|Any CPU
		{25D71DD0-C226-19F7-52C3-0221D8312523}.Release|Any CPU.Build.0 = Release|Any CPU
		{8ADA909E-0F12-B921-6947-25E57D5AD60D}.Debug|Any CPU.ActiveCfg = Debug|Any CPU
		{8ADA909E-0F12-B921-6947-25E57D5AD60D}.Debug|Any CPU.Build.0 = Debug|Any CPU
		{8ADA909E-0F12-B921-6947-25E57D5AD60D}.Release|Any CPU.ActiveCfg = Release|Any CPU
		{8ADA909E-0F12-B921-6947-25E57D5AD60D}.Release|Any CPU.Build.0 = Release|Any CPU
		{B6BA122B-68C0-27D9-8AC5-42E52751594B}.Debug|Any CPU.ActiveCfg = Debug|Any CPU
		{B6BA122B-68C0-27D9-8AC5-42E52751594B}.Debug|Any CPU.Build.0 = Debug|Any CPU
		{B6BA122B-68C0-27D9-8AC5-42E52751594B}.Release|Any CPU.ActiveCfg = Release|Any CPU
		{B6BA122B-68C0-27D9-8AC5-42E52751594B}.Release|Any CPU.Build.0 = Release|Any CPU
		{DAF7AC27-BFBF-A7CB-DE8C-243461466CF3}.Debug|Any CPU.ActiveCfg = Debug|Any CPU
		{DAF7AC27-BFBF-A7CB-DE8C-243461466CF3}.Debug|Any CPU.Build.0 = Debug|Any CPU
		{DAF7AC27-BFBF-A7CB-DE8C-243461466CF3}.Release|Any CPU.ActiveCfg = Release|Any CPU
		{DAF7AC27-BFBF-A7CB-DE8C-243461466CF3}.Release|Any CPU.Build.0 = Release|Any CPU
		{E61CD5BB-B3DE-38D5-2199-E49A10AD11A1}.Debug|Any CPU.ActiveCfg = Debug|Any CPU
		{E61CD5BB-B3DE-38D5-2199-E49A10AD11A1}.Debug|Any CPU.Build.0 = Debug|Any CPU
		{E61CD5BB-B3DE-38D5-2199-E49A10AD11A1}.Release|Any CPU.ActiveCfg = Release|Any CPU
		{E61CD5BB-B3DE-38D5-2199-E49A10AD11A1}.Release|Any CPU.Build.0 = Release|Any CPU
	EndGlobalSection
	GlobalSection(SolutionProperties) = preSolution
		HideSolutionNode = FALSE
	EndGlobalSection
EndGlobal
